
Microsoft Visual Studio Solution File, Format Version 12.00
Project("{FAE04EC0-301F-11D3-BF4B-00C04F79EFBC}") = "WorkShop", "WorkShop\WorkShop.csproj", "{61BD3E86-94E5-4130-B8CE-8BFF77CE7447}"
EndProject
Global
	GlobalSection(SolutionConfigurationPlatforms) = preSolution
		Debug|Any CPU = Debug|Any CPU
		Release|Any CPU = Release|Any CPU
	EndGlobalSection
	GlobalSection(ProjectConfigurationPlatforms) = postSolution
		{61BD3E86-94E5-4130-B8CE-8BFF77CE7447}.Debug|Any CPU.ActiveCfg = Debug|Any CPU
		{61BD3E86-94E5-4130-B8CE-8BFF77CE7447}.Debug|Any CPU.Build.0 = Debug|Any CPU
		{61BD3E86-94E5-4130-B8CE-8BFF77CE7447}.Release|Any CPU.ActiveCfg = Release|Any CPU
		{61BD3E86-94E5-4130-B8CE-8BFF77CE7447}.Release|Any CPU.Build.0 = Release|Any CPU
	EndGlobalSection
EndGlobal
